
Microsoft Visual Studio Solution File, Format Version 12.00
# Visual Studio 14
VisualStudioVersion = 14.0.25420.1
MinimumVisualStudioVersion = 10.0.40219.1
Project("{FAE04EC0-301F-11D3-BF4B-00C04F79EFBC}") = "LoggerComponent", "LoggerComponent\LoggerComponent.csproj", "{C0A205AE-4F56-4FBA-9CCC-E436CFCFF803}"
EndProject
Project("{FAE04EC0-301F-11D3-BF4B-00C04F79EFBC}") = "ConsoleApplication", "ConsoleApplication\ConsoleApplication.csproj", "{AAE9E44A-1A0B-4CF3-ACF3-8EAE04766582}"
EndProject
Project("{FAE04EC0-301F-11D3-BF4B-00C04F79EFBC}") = "LoggerComponent.UnitTests", "LoggerComponent.UnitTests\LoggerComponent.UnitTests.csproj", "{0F199E6C-C4D9-4B57-BC30-7B27A92F8CF4}"
EndProject
Global
	GlobalSection(SolutionConfigurationPlatforms) = preSolution
		Debug|Any CPU = Debug|Any CPU
		Release|Any CPU = Release|Any CPU
	EndGlobalSection
	GlobalSection(ProjectConfigurationPlatforms) = postSolution
		{C0A205AE-4F56-4FBA-9CCC-E436CFCFF803}.Debug|Any CPU.ActiveCfg = Debug|Any CPU
		{C0A205AE-4F56-4FBA-9CCC-E436CFCFF803}.Debug|Any CPU.Build.0 = Debug|Any CPU
		{C0A205AE-4F56-4FBA-9CCC-E436CFCFF803}.Release|Any CPU.ActiveCfg = Release|Any CPU
		{C0A205AE-4F56-4FBA-9CCC-E436CFCFF803}.Release|Any CPU.Build.0 = Release|Any CPU
		{AAE9E44A-1A0B-4CF3-ACF3-8EAE04766582}.Debug|Any CPU.ActiveCfg = Debug|Any CPU
		{AAE9E44A-1A0B-4CF3-ACF3-8EAE04766582}.Debug|Any CPU.Build.0 = Debug|Any CPU
		{AAE9E44A-1A0B-4CF3-ACF3-8EAE04766582}.Release|Any CPU.ActiveCfg = Release|Any CPU
		{AAE9E44A-1A0B-4CF3-ACF3-8EAE04766582}.Release|Any CPU.Build.0 = Release|Any CPU
		{0F199E6C-C4D9-4B57-BC30-7B27A92F8CF4}.Debug|Any CPU.ActiveCfg = Debug|Any CPU
		{0F199E6C-C4D9-4B57-BC30-7B27A92F8CF4}.Debug|Any CPU.Build.0 = Debug|Any CPU
		{0F199E6C-C4D9-4B57-BC30-7B27A92F8CF4}.Release|Any CPU.ActiveCfg = Release|Any CPU
		{0F199E6C-C4D9-4B57-BC30-7B27A92F8CF4}.Release|Any CPU.Build.0 = Release|Any CPU
	EndGlobalSection
	GlobalSection(SolutionProperties) = preSolution
		HideSolutionNode = FALSE
	EndGlobalSection
EndGlobal
